
Microsoft Visual Studio Solution File, Format Version 12.00
# Visual Studio Version 17
VisualStudioVersion = 17.6.33712.159
MinimumVisualStudioVersion = 10.0.40219.1
Project("{8BC9CEB8-8B4A-11D0-8D11-00A0C91BC942}") = "230602", "230602\230602.vcxproj", "{9361C062-D609-4DFF-9E7F-F00909E7D800}"
EndProject
Global
	GlobalSection(SolutionConfigurationPlatforms) = preSolution
		Debug|x64 = Debug|x64
		Debug|x86 = Debug|x86
		Release|x64 = Release|x64
		Release|x86 = Release|x86
	EndGlobalSection
	GlobalSection(ProjectConfigurationPlatforms) = postSolution
		{9361C062-D609-4DFF-9E7F-F00909E7D800}.Debug|x64.ActiveCfg = Debug|x64
		{9361C062-D609-4DFF-9E7F-F00909E7D800}.Debug|x64.Build.0 = Debug|x64
		{9361C062-D609-4DFF-9E7F-F00909E7D800}.Debug|x86.ActiveCfg = Debug|Win32
		{9361C062-D609-4DFF-9E7F-F00909E7D800}.Debug|x86.Build.0 = Debug|Win32
		{9361C062-D609-4DFF-9E7F-F00909E7D800}.Release|x64.ActiveCfg = Release|x64
		{9361C062-D609-4DFF-9E7F-F00909E7D800}.Release|x64.Build.0 = Release|x64
		{9361C062-D609-4DFF-9E7F-F00909E7D800}.Release|x86.ActiveCfg = Release|Win32
		{9361C062-D609-4DFF-9E7F-F00909E7D800}.Release|x86.Build.0 = Release|Win32
	EndGlobalSection
	GlobalSection(SolutionProperties) = preSolution
		HideSolutionNode = FALSE
	EndGlobalSection
	GlobalSection(ExtensibilityGlobals) = postSolution
		SolutionGuid = {D3D52E5A-0EA0-4107-BB2C-5A13EB23E50E}
	EndGlobalSection
EndGlobal
